
Microsoft Visual Studio Solution File, Format Version 12.00
# Visual Studio 15
VisualStudioVersion = 15.0.28307.271
MinimumVisualStudioVersion = 10.0.40219.1
Project("{FAE04EC0-301F-11D3-BF4B-00C04F79EFBC}") = "Assignment1BQuestion9", "Assignment1BQuestion9\Assignment1BQuestion9.csproj", "{A70A0437-60BC-4AE7-9F8E-85F47B3C8AE5}"
EndProject
Global
	GlobalSection(SolutionConfigurationPlatforms) = preSolution
		Debug|Any CPU = Debug|Any CPU
		Release|Any CPU = Release|Any CPU
	EndGlobalSection
	GlobalSection(ProjectConfigurationPlatforms) = postSolution
		{A70A0437-60BC-4AE7-9F8E-85F47B3C8AE5}.Debug|Any CPU.ActiveCfg = Debug|Any CPU
		{A70A0437-60BC-4AE7-9F8E-85F47B3C8AE5}.Debug|Any CPU.Build.0 = Debug|Any CPU
		{A70A0437-60BC-4AE7-9F8E-85F47B3C8AE5}.Release|Any CPU.ActiveCfg = Release|Any CPU
		{A70A0437-60BC-4AE7-9F8E-85F47B3C8AE5}.Release|Any CPU.Build.0 = Release|Any CPU
	EndGlobalSection
	GlobalSection(SolutionProperties) = preSolution
		HideSolutionNode = FALSE
	EndGlobalSection
	GlobalSection(ExtensibilityGlobals) = postSolution
		SolutionGuid = {2879991E-DFB9-42B6-8D74-D4EBE72BA527}
	EndGlobalSection
EndGlobal
