
Microsoft Visual Studio Solution File, Format Version 12.00
# Visual Studio 15
VisualStudioVersion = 15.0.28010.2036
MinimumVisualStudioVersion = 10.0.40219.1
Project("{FAE04EC0-301F-11D3-BF4B-00C04F79EFBC}") = "Q3_Tiles", "Q3_Tiles\Q3_Tiles.csproj", "{59A43C7F-3078-452E-8B80-1D5FD9C6A7B2}"
EndProject
Project("{FAE04EC0-301F-11D3-BF4B-00C04F79EFBC}") = "Q2_Mileage", "Q2_Mileage\Q2_Mileage.csproj", "{9D92E074-3760-4C37-A45B-CAB9C76BA835}"
EndProject
Project("{FAE04EC0-301F-11D3-BF4B-00C04F79EFBC}") = "Q5_Plumber", "Q5_Plumber\Q5_Plumber.csproj", "{FA442211-A8DA-4D54-AFBF-58C43623222C}"
EndProject
Project("{FAE04EC0-301F-11D3-BF4B-00C04F79EFBC}") = "Q4_Weight", "Q4_Weight\Q4_Weight.csproj", "{8F6D506D-7CAD-4138-AB79-210F562CB2F8}"
EndProject
Project("{FAE04EC0-301F-11D3-BF4B-00C04F79EFBC}") = "Q1_Candies", "Q1_Candies\Q1_Candies.csproj", "{5957B11E-B2E3-4DDA-87C8-FA47973BD213}"
EndProject
Project("{FAE04EC0-301F-11D3-BF4B-00C04F79EFBC}") = "Q4_Perimeter", "Q4_Perimeter\Q4_Perimeter.csproj", "{B7562C86-7211-491D-B1EF-6B584E4E9E4B}"
EndProject
Project("{FAE04EC0-301F-11D3-BF4B-00C04F79EFBC}") = "Extra_Q1_Eggs", "Extra_Q1_Eggs\Extra_Q1_Eggs.csproj", "{254A13D8-ABF9-4BB6-8036-8ED87F000E53}"
EndProject
Project("{FAE04EC0-301F-11D3-BF4B-00C04F79EFBC}") = "Extra_Q2_NetPay", "Extra_Q2_NetPay\Extra_Q2_NetPay.csproj", "{DFE20E83-F17E-4AC2-A0ED-3AB48DB8D429}"
EndProject
Global
	GlobalSection(SolutionConfigurationPlatforms) = preSolution
		Debug|Any CPU = Debug|Any CPU
		Release|Any CPU = Release|Any CPU
	EndGlobalSection
	GlobalSection(ProjectConfigurationPlatforms) = postSolution
		{59A43C7F-3078-452E-8B80-1D5FD9C6A7B2}.Debug|Any CPU.ActiveCfg = Debug|Any CPU
		{59A43C7F-3078-452E-8B80-1D5FD9C6A7B2}.Debug|Any CPU.Build.0 = Debug|Any CPU
		{59A43C7F-3078-452E-8B80-1D5FD9C6A7B2}.Release|Any CPU.ActiveCfg = Release|Any CPU
		{59A43C7F-3078-452E-8B80-1D5FD9C6A7B2}.Release|Any CPU.Build.0 = Release|Any CPU
		{9D92E074-3760-4C37-A45B-CAB9C76BA835}.Debug|Any CPU.ActiveCfg = Debug|Any CPU
		{9D92E074-3760-4C37-A45B-CAB9C76BA835}.Debug|Any CPU.Build.0 = Debug|Any CPU
		{9D92E074-3760-4C37-A45B-CAB9C76BA835}.Release|Any CPU.ActiveCfg = Release|Any CPU
		{9D92E074-3760-4C37-A45B-CAB9C76BA835}.Release|Any CPU.Build.0 = Release|Any CPU
		{FA442211-A8DA-4D54-AFBF-58C43623222C}.Debug|Any CPU.ActiveCfg = Debug|Any CPU
		{FA442211-A8DA-4D54-AFBF-58C43623222C}.Debug|Any CPU.Build.0 = Debug|Any CPU
		{FA442211-A8DA-4D54-AFBF-58C43623222C}.Release|Any CPU.ActiveCfg = Release|Any CPU
		{FA442211-A8DA-4D54-AFBF-58C43623222C}.Release|Any CPU.Build.0 = Release|Any CPU
		{8F6D506D-7CAD-4138-AB79-210F562CB2F8}.Debug|Any CPU.ActiveCfg = Debug|Any CPU
		{8F6D506D-7CAD-4138-AB79-210F562CB2F8}.Debug|Any CPU.Build.0 = Debug|Any CPU
		{8F6D506D-7CAD-4138-AB79-210F562CB2F8}.Release|Any CPU.ActiveCfg = Release|Any CPU
		{8F6D506D-7CAD-4138-AB79-210F562CB2F8}.Release|Any CPU.Build.0 = Release|Any CPU
		{5957B11E-B2E3-4DDA-87C8-FA47973BD213}.Debug|Any CPU.ActiveCfg = Debug|Any CPU
		{5957B11E-B2E3-4DDA-87C8-FA47973BD213}.Debug|Any CPU.Build.0 = Debug|Any CPU
		{5957B11E-B2E3-4DDA-87C8-FA47973BD213}.Release|Any CPU.ActiveCfg = Release|Any CPU
		{5957B11E-B2E3-4DDA-87C8-FA47973BD213}.Release|Any CPU.Build.0 = Release|Any CPU
		{B7562C86-7211-491D-B1EF-6B584E4E9E4B}.Debug|Any CPU.ActiveCfg = Debug|Any CPU
		{B7562C86-7211-491D-B1EF-6B584E4E9E4B}.Debug|Any CPU.Build.0 = Debug|Any CPU
		{B7562C86-7211-491D-B1EF-6B584E4E9E4B}.Release|Any CPU.ActiveCfg = Release|Any CPU
		{B7562C86-7211-491D-B1EF-6B584E4E9E4B}.Release|Any CPU.Build.0 = Release|Any CPU
		{254A13D8-ABF9-4BB6-8036-8ED87F000E53}.Debug|Any CPU.ActiveCfg = Debug|Any CPU
		{254A13D8-ABF9-4BB6-8036-8ED87F000E53}.Debug|Any CPU.Build.0 = Debug|Any CPU
		{254A13D8-ABF9-4BB6-8036-8ED87F000E53}.Release|Any CPU.ActiveCfg = Release|Any CPU
		{254A13D8-ABF9-4BB6-8036-8ED87F000E53}.Release|Any CPU.Build.0 = Release|Any CPU
		{DFE20E83-F17E-4AC2-A0ED-3AB48DB8D429}.Debug|Any CPU.ActiveCfg = Debug|Any CPU
		{DFE20E83-F17E-4AC2-A0ED-3AB48DB8D429}.Debug|Any CPU.Build.0 = Debug|Any CPU
		{DFE20E83-F17E-4AC2-A0ED-3AB48DB8D429}.Release|Any CPU.ActiveCfg = Release|Any CPU
		{DFE20E83-F17E-4AC2-A0ED-3AB48DB8D429}.Release|Any CPU.Build.0 = Release|Any CPU
	EndGlobalSection
	GlobalSection(SolutionProperties) = preSolution
		HideSolutionNode = FALSE
	EndGlobalSection
	GlobalSection(ExtensibilityGlobals) = postSolution
		SolutionGuid = {41658C9D-3951-49FD-A310-0DCABFBCD6C8}
	EndGlobalSection
EndGlobal
