
Microsoft Visual Studio Solution File, Format Version 12.00
# Visual Studio 15
VisualStudioVersion = 15.0.28307.329
MinimumVisualStudioVersion = 10.0.40219.1
Project("{FAE04EC0-301F-11D3-BF4B-00C04F79EFBC}") = "Q1_UserMenu", "Q1_UserMenu\Q1_UserMenu.csproj", "{F92F4956-F0CC-4C83-96FC-A88F73B3FE37}"
EndProject
Project("{FAE04EC0-301F-11D3-BF4B-00C04F79EFBC}") = "Q2_Arithmetic", "Q2_Arithmetic\Q2_Arithmetic.csproj", "{2530EE91-8E19-4D5D-9D1C-218639D73C6C}"
EndProject
Project("{FAE04EC0-301F-11D3-BF4B-00C04F79EFBC}") = "Q3_TuitionCost", "Q3_TuitionCost\Q3_TuitionCost.csproj", "{19BF024C-B460-4A53-9FE2-537FDEC225A0}"
EndProject
Project("{FAE04EC0-301F-11D3-BF4B-00C04F79EFBC}") = "Q4_WeekDay", "Q4_WeekDay\Q4_WeekDay.csproj", "{A570DC89-2447-4098-B2F8-CAB7C35A0634}"
EndProject
Project("{FAE04EC0-301F-11D3-BF4B-00C04F79EFBC}") = "Q5_FurnitureCost", "Q5_FurnitureCost\Q5_FurnitureCost.csproj", "{A1196708-5F71-4B1E-BCE9-4CC19703629E}"
EndProject
Global
	GlobalSection(SolutionConfigurationPlatforms) = preSolution
		Debug|Any CPU = Debug|Any CPU
		Release|Any CPU = Release|Any CPU
	EndGlobalSection
	GlobalSection(ProjectConfigurationPlatforms) = postSolution
		{F92F4956-F0CC-4C83-96FC-A88F73B3FE37}.Debug|Any CPU.ActiveCfg = Debug|Any CPU
		{F92F4956-F0CC-4C83-96FC-A88F73B3FE37}.Debug|Any CPU.Build.0 = Debug|Any CPU
		{F92F4956-F0CC-4C83-96FC-A88F73B3FE37}.Release|Any CPU.ActiveCfg = Release|Any CPU
		{F92F4956-F0CC-4C83-96FC-A88F73B3FE37}.Release|Any CPU.Build.0 = Release|Any CPU
		{2530EE91-8E19-4D5D-9D1C-218639D73C6C}.Debug|Any CPU.ActiveCfg = Debug|Any CPU
		{2530EE91-8E19-4D5D-9D1C-218639D73C6C}.Debug|Any CPU.Build.0 = Debug|Any CPU
		{2530EE91-8E19-4D5D-9D1C-218639D73C6C}.Release|Any CPU.ActiveCfg = Release|Any CPU
		{2530EE91-8E19-4D5D-9D1C-218639D73C6C}.Release|Any CPU.Build.0 = Release|Any CPU
		{19BF024C-B460-4A53-9FE2-537FDEC225A0}.Debug|Any CPU.ActiveCfg = Debug|Any CPU
		{19BF024C-B460-4A53-9FE2-537FDEC225A0}.Debug|Any CPU.Build.0 = Debug|Any CPU
		{19BF024C-B460-4A53-9FE2-537FDEC225A0}.Release|Any CPU.ActiveCfg = Release|Any CPU
		{19BF024C-B460-4A53-9FE2-537FDEC225A0}.Release|Any CPU.Build.0 = Release|Any CPU
		{A570DC89-2447-4098-B2F8-CAB7C35A0634}.Debug|Any CPU.ActiveCfg = Debug|Any CPU
		{A570DC89-2447-4098-B2F8-CAB7C35A0634}.Debug|Any CPU.Build.0 = Debug|Any CPU
		{A570DC89-2447-4098-B2F8-CAB7C35A0634}.Release|Any CPU.ActiveCfg = Release|Any CPU
		{A570DC89-2447-4098-B2F8-CAB7C35A0634}.Release|Any CPU.Build.0 = Release|Any CPU
		{A1196708-5F71-4B1E-BCE9-4CC19703629E}.Debug|Any CPU.ActiveCfg = Debug|Any CPU
		{A1196708-5F71-4B1E-BCE9-4CC19703629E}.Debug|Any CPU.Build.0 = Debug|Any CPU
		{A1196708-5F71-4B1E-BCE9-4CC19703629E}.Release|Any CPU.ActiveCfg = Release|Any CPU
		{A1196708-5F71-4B1E-BCE9-4CC19703629E}.Release|Any CPU.Build.0 = Release|Any CPU
	EndGlobalSection
	GlobalSection(SolutionProperties) = preSolution
		HideSolutionNode = FALSE
	EndGlobalSection
	GlobalSection(ExtensibilityGlobals) = postSolution
		SolutionGuid = {88D5C644-0587-4B8D-B17C-EA67AE1CC431}
	EndGlobalSection
EndGlobal
