
Microsoft Visual Studio Solution File, Format Version 12.00
# Visual Studio 15
VisualStudioVersion = 15.0.28010.2036
MinimumVisualStudioVersion = 10.0.40219.1
Project("{FAE04EC0-301F-11D3-BF4B-00C04F79EFBC}") = "MethodDemo", "MethodDemo\MethodDemo.csproj", "{75A6DF95-A3C1-4415-9F37-EFA206A0227F}"
EndProject
Global
	GlobalSection(SolutionConfigurationPlatforms) = preSolution
		Debug|Any CPU = Debug|Any CPU
		Release|Any CPU = Release|Any CPU
	EndGlobalSection
	GlobalSection(ProjectConfigurationPlatforms) = postSolution
		{75A6DF95-A3C1-4415-9F37-EFA206A0227F}.Debug|Any CPU.ActiveCfg = Debug|Any CPU
		{75A6DF95-A3C1-4415-9F37-EFA206A0227F}.Debug|Any CPU.Build.0 = Debug|Any CPU
		{75A6DF95-A3C1-4415-9F37-EFA206A0227F}.Release|Any CPU.ActiveCfg = Release|Any CPU
		{75A6DF95-A3C1-4415-9F37-EFA206A0227F}.Release|Any CPU.Build.0 = Release|Any CPU
	EndGlobalSection
	GlobalSection(SolutionProperties) = preSolution
		HideSolutionNode = FALSE
	EndGlobalSection
	GlobalSection(ExtensibilityGlobals) = postSolution
		SolutionGuid = {5B1466B4-DD90-407D-83FC-B71256A93D29}
	EndGlobalSection
EndGlobal
